// !$*UTF8*$!
{
	archiveVersion = 1;
	classes = {
	};
	objectVersion = 46;
	objects = {

/* Begin PBXBuildFile section */
		97BBC3591D3D4CB600D042FD /* main.m in Sources */ = {isa = PBXBuildFile; fileRef = 97BBC3581D3D4CB600D042FD /* main.m */; };
		97BBC35C1D3D4CB600D042FD /* AppDelegate.m in Sources */ = {isa = PBXBuildFile; fileRef = 97BBC35B1D3D4CB600D042FD /* AppDelegate.m */; };
		97BBC35F1D3D4CB600D042FD /* ViewController.m in Sources */ = {isa = PBXBuildFile; fileRef = 97BBC35E1D3D4CB600D042FD /* ViewController.m */; };
		97BBC3621D3D4CB600D042FD /* Main.storyboard in Resources */ = {isa = PBXBuildFile; fileRef = 97BBC3601D3D4CB600D042FD /* Main.storyboard */; };
		97BBC3641D3D4CB600D042FD /* Assets.xcassets in Resources */ = {isa = PBXBuildFile; fileRef = 97BBC3631D3D4CB600D042FD /* Assets.xcassets */; };
		97BBC3671D3D4CB600D042FD /* LaunchScreen.storyboard in Resources */ = {isa = PBXBuildFile; fileRef = 97BBC3651D3D4CB600D042FD /* LaunchScreen.storyboard */; };
		97BBC3701D3D4E7000D042FD /* CustomCell.m in Sources */ = {isa = PBXBuildFile; fileRef = 97BBC36F1D3D4E7000D042FD /* CustomCell.m */; };
		97BBC3731D3D54EA00D042FD /* Movie.m in Sources */ = {isa = PBXBuildFile; fileRef = 97BBC3721D3D54EA00D042FD /* Movie.m */; };
		97BBC3761D3D70E900D042FD /* DetailedViewController.m in Sources */ = {isa = PBXBuildFile; fileRef = 97BBC3751D3D70E900D042FD /* DetailedViewController.m */; };
		97BBC3791D3E840600D042FD /* Review.m in Sources */ = {isa = PBXBuildFile; fileRef = 97BBC3781D3E840600D042FD /* Review.m */; };
		97BBC37C1D3E88F900D042FD /* CustomCell2.m in Sources */ = {isa = PBXBuildFile; fileRef = 97BBC37B1D3E88F900D042FD /* CustomCell2.m */; };
		97BBC37E1D3EA03D00D042FD /* MapKit.framework in Frameworks */ = {isa = PBXBuildFile; fileRef = 97BBC37D1D3EA03D00D042FD /* MapKit.framework */; };
		97BBC3811D3EA4E900D042FD /* TheaterMap.m in Sources */ = {isa = PBXBuildFile; fileRef = 97BBC3801D3EA4E900D042FD /* TheaterMap.m */; };
		97BBC3831D3EB1E000D042FD /* GPX.gpx in Resources */ = {isa = PBXBuildFile; fileRef = 97BBC3821D3EB1E000D042FD /* GPX.gpx */; };
		97BBC3851D3EB24800D042FD /* NorthYork.gpx in Resources */ = {isa = PBXBuildFile; fileRef = 97BBC3841D3EB24800D042FD /* NorthYork.gpx */; };
		97BBC3881D3ED16700D042FD /* Theater.m in Sources */ = {isa = PBXBuildFile; fileRef = 97BBC3871D3ED16700D042FD /* Theater.m */; };
/* End PBXBuildFile section */

/* Begin PBXFileReference section */
		97BBC3541D3D4CB600D042FD /* RottenMangos.app */ = {isa = PBXFileReference; explicitFileType = wrapper.application; includeInIndex = 0; path = RottenMangos.app; sourceTree = BUILT_PRODUCTS_DIR; };
		97BBC3581D3D4CB600D042FD /* main.m */ = {isa = PBXFileReference; lastKnownFileType = sourcecode.c.objc; path = main.m; sourceTree = "<group>"; };
		97BBC35A1D3D4CB600D042FD /* AppDelegate.h */ = {isa = PBXFileReference; lastKnownFileType = sourcecode.c.h; path = AppDelegate.h; sourceTree = "<group>"; };
		97BBC35B1D3D4CB600D042FD /* AppDelegate.m */ = {isa = PBXFileReference; lastKnownFileType = sourcecode.c.objc; path = AppDelegate.m; sourceTree = "<group>"; };
		97BBC35D1D3D4CB600D042FD /* ViewController.h */ = {isa = PBXFileReference; lastKnownFileType = sourcecode.c.h; path = ViewController.h; sourceTree = "<group>"; };
		97BBC35E1D3D4CB600D042FD /* ViewController.m */ = {isa = PBXFileReference; lastKnownFileType = sourcecode.c.objc; path = ViewController.m; sourceTree = "<group>"; };
		97BBC3611D3D4CB600D042FD /* Base */ = {isa = PBXFileReference; lastKnownFileType = file.storyboard; name = Base; path = Base.lproj/Main.storyboard; sourceTree = "<group>"; };
		97BBC3631D3D4CB600D042FD /* Assets.xcassets */ = {isa = PBXFileReference; lastKnownFileType = folder.assetcatalog; path = Assets.xcassets; sourceTree = "<group>"; };
		97BBC3661D3D4CB600D042FD /* Base */ = {isa = PBXFileReference; lastKnownFileType = file.storyboard; name = Base; path = Base.lproj/LaunchScreen.storyboard; sourceTree = "<group>"; };
		97BBC3681D3D4CB600D042FD /* Info.plist */ = {isa = PBXFileReference; lastKnownFileType = text.plist.xml; path = Info.plist; sourceTree = "<group>"; };
		97BBC36E1D3D4E7000D042FD /* CustomCell.h */ = {isa = PBXFileReference; fileEncoding = 4; lastKnownFileType = sourcecode.c.h; path = CustomCell.h; sourceTree = "<group>"; };
		97BBC36F1D3D4E7000D042FD /* CustomCell.m */ = {isa = PBXFileReference; fileEncoding = 4; lastKnownFileType = sourcecode.c.objc; path = CustomCell.m; sourceTree = "<group>"; };
		97BBC3711D3D54EA00D042FD /* Movie.h */ = {isa = PBXFileReference; fileEncoding = 4; lastKnownFileType = sourcecode.c.h; path = Movie.h; sourceTree = "<group>"; };
		97BBC3721D3D54EA00D042FD /* Movie.m */ = {isa = PBXFileReference; fileEncoding = 4; lastKnownFileType = sourcecode.c.objc; path = Movie.m; sourceTree = "<group>"; };
		97BBC3741D3D70E900D042FD /* DetailedViewController.h */ = {isa = PBXFileReference; fileEncoding = 4; lastKnownFileType = sourcecode.c.h; path = DetailedViewController.h; sourceTree = "<group>"; };
		97BBC3751D3D70E900D042FD /* DetailedViewController.m */ = {isa = PBXFileReference; fileEncoding = 4; lastKnownFileType = sourcecode.c.objc; path = DetailedViewController.m; sourceTree = "<group>"; };
		97BBC3771D3E840600D042FD /* Review.h */ = {isa = PBXFileReference; fileEncoding = 4; lastKnownFileType = sourcecode.c.h; path = Review.h; sourceTree = "<group>"; };
		97BBC3781D3E840600D042FD /* Review.m */ = {isa = PBXFileReference; fileEncoding = 4; lastKnownFileType = sourcecode.c.objc; path = Review.m; sourceTree = "<group>"; };
		97BBC37A1D3E88F900D042FD /* CustomCell2.h */ = {isa = PBXFileReference; fileEncoding = 4; lastKnownFileType = sourcecode.c.h; path = CustomCell2.h; sourceTree = "<group>"; };
		97BBC37B1D3E88F900D042FD /* CustomCell2.m */ = {isa = PBXFileReference; fileEncoding = 4; lastKnownFileType = sourcecode.c.objc; path = CustomCell2.m; sourceTree = "<group>"; };
		97BBC37D1D3EA03D00D042FD /* MapKit.framework */ = {isa = PBXFileReference; lastKnownFileType = wrapper.framework; name = MapKit.framework; path = System/Library/Frameworks/MapKit.framework; sourceTree = SDKROOT; };
		97BBC37F1D3EA4E900D042FD /* TheaterMap.h */ = {isa = PBXFileReference; fileEncoding = 4; lastKnownFileType = sourcecode.c.h; path = TheaterMap.h; sourceTree = "<group>"; };
		97BBC3801D3EA4E900D042FD /* TheaterMap.m */ = {isa = PBXFileReference; fileEncoding = 4; lastKnownFileType = sourcecode.c.objc; path = TheaterMap.m; sourceTree = "<group>"; };
		97BBC3821D3EB1E000D042FD /* GPX.gpx */ = {isa = PBXFileReference; fileEncoding = 4; lastKnownFileType = text.xml; path = GPX.gpx; sourceTree = "<group>"; };
		97BBC3841D3EB24800D042FD /* NorthYork.gpx */ = {isa = PBXFileReference; fileEncoding = 4; lastKnownFileType = text.xml; path = NorthYork.gpx; sourceTree = "<group>"; };
		97BBC3861D3ED16700D042FD /* Theater.h */ = {isa = PBXFileReference; fileEncoding = 4; lastKnownFileType = sourcecode.c.h; path = Theater.h; sourceTree = "<group>"; };
		97BBC3871D3ED16700D042FD /* Theater.m */ = {isa = PBXFileReference; fileEncoding = 4; lastKnownFileType = sourcecode.c.objc; path = Theater.m; sourceTree = "<group>"; };
/* End PBXFileReference section */

/* Begin PBXFrameworksBuildPhase section */
		97BBC3511D3D4CB600D042FD /* Frameworks */ = {
			isa = PBXFrameworksBuildPhase;
			buildActionMask = 2147483647;
			files = (
				97BBC37E1D3EA03D00D042FD /* MapKit.framework in Frameworks */,
			);
			runOnlyForDeploymentPostprocessing = 0;
		};
/* End PBXFrameworksBuildPhase section */

/* Begin PBXGroup section */
		97BBC34B1D3D4CB600D042FD = {
			isa = PBXGroup;
			children = (
				97BBC3841D3EB24800D042FD /* NorthYork.gpx */,
				97BBC3821D3EB1E000D042FD /* GPX.gpx */,
				97BBC37D1D3EA03D00D042FD /* MapKit.framework */,
				97BBC3561D3D4CB600D042FD /* RottenMangos */,
				97BBC3551D3D4CB600D042FD /* Products */,
			);
			sourceTree = "<group>";
		};
		97BBC3551D3D4CB600D042FD /* Products */ = {
			isa = PBXGroup;
			children = (
				97BBC3541D3D4CB600D042FD /* RottenMangos.app */,
			);
			name = Products;
			sourceTree = "<group>";
		};
		97BBC3561D3D4CB600D042FD /* RottenMangos */ = {
			isa = PBXGroup;
			children = (
				97BBC35A1D3D4CB600D042FD /* AppDelegate.h */,
				97BBC35B1D3D4CB600D042FD /* AppDelegate.m */,
				97BBC35D1D3D4CB600D042FD /* ViewController.h */,
				97BBC35E1D3D4CB600D042FD /* ViewController.m */,
				97BBC3771D3E840600D042FD /* Review.h */,
				97BBC3781D3E840600D042FD /* Review.m */,
				97BBC3711D3D54EA00D042FD /* Movie.h */,
				97BBC3721D3D54EA00D042FD /* Movie.m */,
				97BBC3601D3D4CB600D042FD /* Main.storyboard */,
				97BBC3741D3D70E900D042FD /* DetailedViewController.h */,
				97BBC3751D3D70E900D042FD /* DetailedViewController.m */,
				97BBC3861D3ED16700D042FD /* Theater.h */,
				97BBC3871D3ED16700D042FD /* Theater.m */,
				97BBC37F1D3EA4E900D042FD /* TheaterMap.h */,
				97BBC3801D3EA4E900D042FD /* TheaterMap.m */,
				97BBC37A1D3E88F900D042FD /* CustomCell2.h */,
				97BBC37B1D3E88F900D042FD /* CustomCell2.m */,
				97BBC36E1D3D4E7000D042FD /* CustomCell.h */,
				97BBC36F1D3D4E7000D042FD /* CustomCell.m */,
				97BBC3631D3D4CB600D042FD /* Assets.xcassets */,
				97BBC3651D3D4CB600D042FD /* LaunchScreen.storyboard */,
				97BBC3681D3D4CB600D042FD /* Info.plist */,
				97BBC3571D3D4CB600D042FD /* Supporting Files */,
			);
			path = RottenMangos;
			sourceTree = "<group>";
		};
		97BBC3571D3D4CB600D042FD /* Supporting Files */ = {
			isa = PBXGroup;
			children = (
				97BBC3581D3D4CB600D042FD /* main.m */,
			);
			name = "Supporting Files";
			sourceTree = "<group>";
		};
/* End PBXGroup section */

/* Begin PBXNativeTarget section */
		97BBC3531D3D4CB600D042FD /* RottenMangos */ = {
			isa = PBXNativeTarget;
			buildConfigurationList = 97BBC36B1D3D4CB600D042FD /* Build configuration list for PBXNativeTarget "RottenMangos" */;
			buildPhases = (
				97BBC3501D3D4CB600D042FD /* Sources */,
				97BBC3511D3D4CB600D042FD /* Frameworks */,
				97BBC3521D3D4CB600D042FD /* Resources */,
			);
			buildRules = (
			);
			dependencies = (
			);
			name = RottenMangos;
			productName = RottenMangos;
			productReference = 97BBC3541D3D4CB600D042FD /* RottenMangos.app */;
			productType = "com.apple.product-type.application";
		};
/* End PBXNativeTarget section */

/* Begin PBXProject section */
		97BBC34C1D3D4CB600D042FD /* Project object */ = {
			isa = PBXProject;
			attributes = {
				LastUpgradeCheck = 0730;
				ORGANIZATIONNAME = "Yana Kultysheva";
				TargetAttributes = {
					97BBC3531D3D4CB600D042FD = {
						CreatedOnToolsVersion = 7.3.1;
					};
				};
			};
			buildConfigurationList = 97BBC34F1D3D4CB600D042FD /* Build configuration list for PBXProject "RottenMangos" */;
			compatibilityVersion = "Xcode 3.2";
			developmentRegion = English;
			hasScannedForEncodings = 0;
			knownRegions = (
				en,
				Base,
			);
			mainGroup = 97BBC34B1D3D4CB600D042FD;
			productRefGroup = 97BBC3551D3D4CB600D042FD /* Products */;
			projectDirPath = "";
			projectRoot = "";
			targets = (
				97BBC3531D3D4CB600D042FD /* RottenMangos */,
			);
		};
/* End PBXProject section */

/* Begin PBXResourcesBuildPhase section */
		97BBC3521D3D4CB600D042FD /* Resources */ = {
			isa = PBXResourcesBuildPhase;
			buildActionMask = 2147483647;
			files = (
				97BBC3671D3D4CB600D042FD /* LaunchScreen.storyboard in Resources */,
				97BBC3851D3EB24800D042FD /* NorthYork.gpx in Resources */,
				97BBC3641D3D4CB600D042FD /* Assets.xcassets in Resources */,
				97BBC3621D3D4CB600D042FD /* Main.storyboard in Resources */,
				97BBC3831D3EB1E000D042FD /* GPX.gpx in Resources */,
			);
			runOnlyForDeploymentPostprocessing = 0;
		};
/* End PBXResourcesBuildPhase section */

/* Begin PBXSourcesBuildPhase section */
		97BBC3501D3D4CB600D042FD /* Sources */ = {
			isa = PBXSourcesBuildPhase;
			buildActionMask = 2147483647;
			files = (
				97BBC35F1D3D4CB600D042FD /* ViewController.m in Sources */,
				97BBC35C1D3D4CB600D042FD /* AppDelegate.m in Sources */,
				97BBC3731D3D54EA00D042FD /* Movie.m in Sources */,
				97BBC3701D3D4E7000D042FD /* CustomCell.m in Sources */,
				97BBC3811D3EA4E900D042FD /* TheaterMap.m in Sources */,
				97BBC3761D3D70E900D042FD /* DetailedViewController.m in Sources */,
				97BBC37C1D3E88F900D042FD /* CustomCell2.m in Sources */,
				97BBC3791D3E840600D042FD /* Review.m in Sources */,
				97BBC3591D3D4CB600D042FD /* main.m in Sources */,
				97BBC3881D3ED16700D042FD /* Theater.m in Sources */,
			);
			runOnlyForDeploymentPostprocessing = 0;
		};
/* End PBXSourcesBuildPhase section */

/* Begin PBXVariantGroup section */
		97BBC3601D3D4CB600D042FD /* Main.storyboard */ = {
			isa = PBXVariantGroup;
			children = (
				97BBC3611D3D4CB600D042FD /* Base */,
			);
			name = Main.storyboard;
			sourceTree = "<group>";
		};
		97BBC3651D3D4CB600D042FD /* LaunchScreen.storyboard */ = {
			isa = PBXVariantGroup;
			children = (
				97BBC3661D3D4CB600D042FD /* Base */,
			);
			name = LaunchScreen.storyboard;
			sourceTree = "<group>";
		};
/* End PBXVariantGroup section */

/* Begin XCBuildConfiguration section */
		97BBC3691D3D4CB600D042FD /* Debug */ = {
			isa = XCBuildConfiguration;
			buildSettings = {
				ALWAYS_SEARCH_USER_PATHS = NO;
				CLANG_ANALYZER_NONNULL = YES;
				CLANG_CXX_LANGUAGE_STANDARD = "gnu++0x";
				CLANG_CXX_LIBRARY = "libc++";
				CLANG_ENABLE_MODULES = YES;
				CLANG_ENABLE_OBJC_ARC = YES;
				CLANG_WARN_BOOL_CONVERSION = YES;
				CLANG_WARN_CONSTANT_CONVERSION = YES;
				CLANG_WARN_DIRECT_OBJC_ISA_USAGE = YES_ERROR;
				CLANG_WARN_EMPTY_BODY = YES;
				CLANG_WARN_ENUM_CONVERSION = YES;
				CLANG_WARN_INT_CONVERSION = YES;
				CLANG_WARN_OBJC_ROOT_CLASS = YES_ERROR;
				CLANG_WARN_UNREACHABLE_CODE = YES;
				CLANG_WARN__DUPLICATE_METHOD_MATCH = YES;
				"CODE_SIGN_IDENTITY[sdk=iphoneos*]" = "iPhone Developer";
				COPY_PHASE_STRIP = NO;
				DEBUG_INFORMATION_FORMAT = dwarf;
				ENABLE_STRICT_OBJC_MSGSEND = YES;
				ENABLE_TESTABILITY = YES;
				GCC_C_LANGUAGE_STANDARD = gnu99;
				GCC_DYNAMIC_NO_PIC = NO;
				GCC_NO_COMMON_BLOCKS = YES;
				GCC_OPTIMIZATION_LEVEL = 0;
				GCC_PREPROCESSOR_DEFINITIONS = (
					"DEBUG=1",
					"$(inherited)",
				);
				GCC_WARN_64_TO_32_BIT_CONVERSION = YES;
				GCC_WARN_ABOUT_RETURN_TYPE = YES_ERROR;
				GCC_WARN_UNDECLARED_SELECTOR = YES;
				GCC_WARN_UNINITIALIZED_AUTOS = YES_AGGRESSIVE;
				GCC_WARN_UNUSED_FUNCTION = YES;
				GCC_WARN_UNUSED_VARIABLE = YES;
				IPHONEOS_DEPLOYMENT_TARGET = 9.3;
				MTL_ENABLE_DEBUG_INFO = YES;
				ONLY_ACTIVE_ARCH = YES;
				SDKROOT = iphoneos;
			};
			name = Debug;
		};
		97BBC36A1D3D4CB600D042FD /* Release */ = {
			isa = XCBuildConfiguration;
			buildSettings = {
				ALWAYS_SEARCH_USER_PATHS = NO;
				CLANG_ANALYZER_NONNULL = YES;
				CLANG_CXX_LANGUAGE_STANDARD = "gnu++0x";
				CLANG_CXX_LIBRARY = "libc++";
				CLANG_ENABLE_MODULES = YES;
				CLANG_ENABLE_OBJC_ARC = YES;
				CLANG_WARN_BOOL_CONVERSION = YES;
				CLANG_WARN_CONSTANT_CONVERSION = YES;
				CLANG_WARN_DIRECT_OBJC_ISA_USAGE = YES_ERROR;
				CLANG_WARN_EMPTY_BODY = YES;
				CLANG_WARN_ENUM_CONVERSION = YES;
				CLANG_WARN_INT_CONVERSION = YES;
				CLANG_WARN_OBJC_ROOT_CLASS = YES_ERROR;
				CLANG_WARN_UNREACHABLE_CODE = YES;
				CLANG_WARN__DUPLICATE_METHOD_MATCH = YES;
				"CODE_SIGN_IDENTITY[sdk=iphoneos*]" = "iPhone Developer";
				COPY_PHASE_STRIP = NO;
				DEBUG_INFORMATION_FORMAT = "dwarf-with-dsym";
				ENABLE_NS_ASSERTIONS = NO;
				ENABLE_STRICT_OBJC_MSGSEND = YES;
				GCC_C_LANGUAGE_STANDARD = gnu99;
				GCC_NO_COMMON_BLOCKS = YES;
				GCC_WARN_64_TO_32_BIT_CONVERSION = YES;
				GCC_WARN_ABOUT_RETURN_TYPE = YES_ERROR;
				GCC_WARN_UNDECLARED_SELECTOR = YES;
				GCC_WARN_UNINITIALIZED_AUTOS = YES_AGGRESSIVE;
				GCC_WARN_UNUSED_FUNCTION = YES;
				GCC_WARN_UNUSED_VARIABLE = YES;
				IPHONEOS_DEPLOYMENT_TARGET = 9.3;
				MTL_ENABLE_DEBUG_INFO = NO;
				SDKROOT = iphoneos;
				VALIDATE_PRODUCT = YES;
			};
			name = Release;
		};
		97BBC36C1D3D4CB600D042FD /* Debug */ = {
			isa = XCBuildConfiguration;
			buildSettings = {
				ASSETCATALOG_COMPILER_APPICON_NAME = AppIcon;
				INFOPLIST_FILE = RottenMangos/Info.plist;
				LD_RUNPATH_SEARCH_PATHS = "$(inherited) @executable_path/Frameworks";
				PRODUCT_BUNDLE_IDENTIFIER = lighthouse.RottenMangos;
				PRODUCT_NAME = "$(TARGET_NAME)";
			};
			name = Debug;
		};
		97BBC36D1D3D4CB600D042FD /* Release */ = {
			isa = XCBuildConfiguration;
			buildSettings = {
				ASSETCATALOG_COMPILER_APPICON_NAME = AppIcon;
				INFOPLIST_FILE = RottenMangos/Info.plist;
				LD_RUNPATH_SEARCH_PATHS = "$(inherited) @executable_path/Frameworks";
				PRODUCT_BUNDLE_IDENTIFIER = lighthouse.RottenMangos;
				PRODUCT_NAME = "$(TARGET_NAME)";
			};
			name = Release;
		};
/* End XCBuildConfiguration section */

/* Begin XCConfigurationList section */
		97BBC34F1D3D4CB600D042FD /* Build configuration list for PBXProject "RottenMangos" */ = {
			isa = XCConfigurationList;
			buildConfigurations = (
				97BBC3691D3D4CB600D042FD /* Debug */,
				97BBC36A1D3D4CB600D042FD /* Release */,
			);
			defaultConfigurationIsVisible = 0;
			defaultConfigurationName = Release;
		};
		97BBC36B1D3D4CB600D042FD /* Build configuration list for PBXNativeTarget "RottenMangos" */ = {
			isa = XCConfigurationList;
			buildConfigurations = (
				97BBC36C1D3D4CB600D042FD /* Debug */,
				97BBC36D1D3D4CB600D042FD /* Release */,
			);
			defaultConfigurationIsVisible = 0;
			defaultConfigurationName = Release;
		};
/* End XCConfigurationList section */
	};
	rootObject = 97BBC34C1D3D4CB600D042FD /* Project object */;
}
